
Microsoft Visual Studio Solution File, Format Version 12.00
# Visual Studio Version 17
VisualStudioVersion = 17.14.36511.14 d17.14
MinimumVisualStudioVersion = 10.0.40219.1
Project("{FAE04EC0-301F-11D3-BF4B-00C04F79EFBC}") = "ProductApplication", "ProductApplication\ProductApplication.csproj", "{3DA7BFF9-ACCC-261F-426C-910FDB99A18B}"
EndProject
Project("{FAE04EC0-301F-11D3-BF4B-00C04F79EFBC}") = "ProductApplication.Tests", "ProductApplication.Tests\ProductApplication.Tests.csproj", "{3182037E-208A-3D23-EE31-BD08F3C3A57D}"
EndProject
Global
	GlobalSection(SolutionConfigurationPlatforms) = preSolution
		Debug|Any CPU = Debug|Any CPU
		Release|Any CPU = Release|Any CPU
	EndGlobalSection
	GlobalSection(ProjectConfigurationPlatforms) = postSolution
		{3DA7BFF9-ACCC-261F-426C-910FDB99A18B}.Debug|Any CPU.ActiveCfg = Debug|Any CPU
		{3DA7BFF9-ACCC-261F-426C-910FDB99A18B}.Debug|Any CPU.Build.0 = Debug|Any CPU
		{3DA7BFF9-ACCC-261F-426C-910FDB99A18B}.Release|Any CPU.ActiveCfg = Release|Any CPU
		{3DA7BFF9-ACCC-261F-426C-910FDB99A18B}.Release|Any CPU.Build.0 = Release|Any CPU
		{3182037E-208A-3D23-EE31-BD08F3C3A57D}.Debug|Any CPU.ActiveCfg = Debug|Any CPU
		{3182037E-208A-3D23-EE31-BD08F3C3A57D}.Debug|Any CPU.Build.0 = Debug|Any CPU
		{3182037E-208A-3D23-EE31-BD08F3C3A57D}.Release|Any CPU.ActiveCfg = Release|Any CPU
		{3182037E-208A-3D23-EE31-BD08F3C3A57D}.Release|Any CPU.Build.0 = Release|Any CPU
	EndGlobalSection
	GlobalSection(SolutionProperties) = preSolution
		HideSolutionNode = FALSE
	EndGlobalSection
	GlobalSection(ExtensibilityGlobals) = postSolution
		SolutionGuid = {0B9AAA69-C414-429C-BED8-89FA60D7A69F}
	EndGlobalSection
EndGlobal
